// !$*UTF8*$!
{
	archiveVersion = 1;
	classes = {
	};
	objectVersion = 46;
	objects = {

/* Begin PBXBuildFile section */
		495872851BCDA20F00425757 /* main.swift in Sources */ = {isa = PBXBuildFile; fileRef = 495872841BCDA20F00425757 /* main.swift */; };
		4958728C1BCDA22D00425757 /* CalculatorFunctions.swift in Sources */ = {isa = PBXBuildFile; fileRef = 4958728B1BCDA22D00425757 /* CalculatorFunctions.swift */; settings = {ASSET_TAGS = (); }; };
		4958728E1BCDA31300425757 /* ArrayFunctions.swift in Sources */ = {isa = PBXBuildFile; fileRef = 4958728D1BCDA31300425757 /* ArrayFunctions.swift */; settings = {ASSET_TAGS = (); }; };
		495872901BCDA41200425757 /* PointFunctions.swift in Sources */ = {isa = PBXBuildFile; fileRef = 4958728F1BCDA41200425757 /* PointFunctions.swift */; settings = {ASSET_TAGS = (); }; };
/* End PBXBuildFile section */

/* Begin PBXCopyFilesBuildPhase section */
		4958727F1BCDA20F00425757 /* CopyFiles */ = {
			isa = PBXCopyFilesBuildPhase;
			buildActionMask = 2147483647;
			dstPath = /usr/share/man/man1/;
			dstSubfolderSpec = 0;
			files = (
			);
			runOnlyForDeploymentPostprocessing = 1;
		};
/* End PBXCopyFilesBuildPhase section */

/* Begin PBXFileReference section */
		495872811BCDA20F00425757 /* AdvancedCalculator */ = {isa = PBXFileReference; explicitFileType = "compiled.mach-o.executable"; includeInIndex = 0; path = AdvancedCalculator; sourceTree = BUILT_PRODUCTS_DIR; };
		495872841BCDA20F00425757 /* main.swift */ = {isa = PBXFileReference; lastKnownFileType = sourcecode.swift; path = main.swift; sourceTree = "<group>"; };
		4958728B1BCDA22D00425757 /* CalculatorFunctions.swift */ = {isa = PBXFileReference; fileEncoding = 4; lastKnownFileType = sourcecode.swift; path = CalculatorFunctions.swift; sourceTree = "<group>"; };
		4958728D1BCDA31300425757 /* ArrayFunctions.swift */ = {isa = PBXFileReference; fileEncoding = 4; lastKnownFileType = sourcecode.swift; path = ArrayFunctions.swift; sourceTree = "<group>"; };
		4958728F1BCDA41200425757 /* PointFunctions.swift */ = {isa = PBXFileReference; fileEncoding = 4; lastKnownFileType = sourcecode.swift; path = PointFunctions.swift; sourceTree = "<group>"; };
/* End PBXFileReference section */

/* Begin PBXFrameworksBuildPhase section */
		4958727E1BCDA20F00425757 /* Frameworks */ = {
			isa = PBXFrameworksBuildPhase;
			buildActionMask = 2147483647;
			files = (
			);
			runOnlyForDeploymentPostprocessing = 0;
		};
/* End PBXFrameworksBuildPhase section */

/* Begin PBXGroup section */
		495872781BCDA20F00425757 = {
			isa = PBXGroup;
			children = (
				495872831BCDA20F00425757 /* AdvancedCalculator */,
				495872821BCDA20F00425757 /* Products */,
			);
			sourceTree = "<group>";
		};
		495872821BCDA20F00425757 /* Products */ = {
			isa = PBXGroup;
			children = (
				495872811BCDA20F00425757 /* AdvancedCalculator */,
			);
			name = Products;
			sourceTree = "<group>";
		};
		495872831BCDA20F00425757 /* AdvancedCalculator */ = {
			isa = PBXGroup;
			children = (
				495872841BCDA20F00425757 /* main.swift */,
				4958728B1BCDA22D00425757 /* CalculatorFunctions.swift */,
				4958728D1BCDA31300425757 /* ArrayFunctions.swift */,
				4958728F1BCDA41200425757 /* PointFunctions.swift */,
			);
			path = AdvancedCalculator;
			sourceTree = "<group>";
		};
/* End PBXGroup section */

/* Begin PBXNativeTarget section */
		495872801BCDA20F00425757 /* AdvancedCalculator */ = {
			isa = PBXNativeTarget;
			buildConfigurationList = 495872881BCDA20F00425757 /* Build configuration list for PBXNativeTarget "AdvancedCalculator" */;
			buildPhases = (
				4958727D1BCDA20F00425757 /* Sources */,
				4958727E1BCDA20F00425757 /* Frameworks */,
				4958727F1BCDA20F00425757 /* CopyFiles */,
			);
			buildRules = (
			);
			dependencies = (
			);
			name = AdvancedCalculator;
			productName = AdvancedCalculator;
			productReference = 495872811BCDA20F00425757 /* AdvancedCalculator */;
			productType = "com.apple.product-type.tool";
		};
/* End PBXNativeTarget section */

/* Begin PBXProject section */
		495872791BCDA20F00425757 /* Project object */ = {
			isa = PBXProject;
			attributes = {
				LastUpgradeCheck = 0700;
				ORGANIZATIONNAME = "Andrew Munsell";
				TargetAttributes = {
					495872801BCDA20F00425757 = {
						CreatedOnToolsVersion = 7.0.1;
					};
				};
			};
			buildConfigurationList = 4958727C1BCDA20F00425757 /* Build configuration list for PBXProject "AdvancedCalculator" */;
			compatibilityVersion = "Xcode 3.2";
			developmentRegion = English;
			hasScannedForEncodings = 0;
			knownRegions = (
				en,
			);
			mainGroup = 495872781BCDA20F00425757;
			productRefGroup = 495872821BCDA20F00425757 /* Products */;
			projectDirPath = "";
			projectRoot = "";
			targets = (
				495872801BCDA20F00425757 /* AdvancedCalculator */,
			);
		};
/* End PBXProject section */

/* Begin PBXSourcesBuildPhase section */
		4958727D1BCDA20F00425757 /* Sources */ = {
			isa = PBXSourcesBuildPhase;
			buildActionMask = 2147483647;
			files = (
				495872851BCDA20F00425757 /* main.swift in Sources */,
				4958728C1BCDA22D00425757 /* CalculatorFunctions.swift in Sources */,
				495872901BCDA41200425757 /* PointFunctions.swift in Sources */,
				4958728E1BCDA31300425757 /* ArrayFunctions.swift in Sources */,
			);
			runOnlyForDeploymentPostprocessing = 0;
		};
/* End PBXSourcesBuildPhase section */

/* Begin XCBuildConfiguration section */
		495872861BCDA20F00425757 /* Debug */ = {
			isa = XCBuildConfiguration;
			buildSettings = {
				ALWAYS_SEARCH_USER_PATHS = NO;
				CLANG_CXX_LANGUAGE_STANDARD = "gnu++0x";
				CLANG_CXX_LIBRARY = "libc++";
				CLANG_ENABLE_MODULES = YES;
				CLANG_ENABLE_OBJC_ARC = YES;
				CLANG_WARN_BOOL_CONVERSION = YES;
				CLANG_WARN_CONSTANT_CONVERSION = YES;
				CLANG_WARN_DIRECT_OBJC_ISA_USAGE = YES_ERROR;
				CLANG_WARN_EMPTY_BODY = YES;
				CLANG_WARN_ENUM_CONVERSION = YES;
				CLANG_WARN_INT_CONVERSION = YES;
				CLANG_WARN_OBJC_ROOT_CLASS = YES_ERROR;
				CLANG_WARN_UNREACHABLE_CODE = YES;
				CLANG_WARN__DUPLICATE_METHOD_MATCH = YES;
				COPY_PHASE_STRIP = NO;
				DEBUG_INFORMATION_FORMAT = dwarf;
				ENABLE_STRICT_OBJC_MSGSEND = YES;
				ENABLE_TESTABILITY = YES;
				GCC_C_LANGUAGE_STANDARD = gnu99;
				GCC_DYNAMIC_NO_PIC = NO;
				GCC_NO_COMMON_BLOCKS = YES;
				GCC_OPTIMIZATION_LEVEL = 0;
				GCC_PREPROCESSOR_DEFINITIONS = (
					"DEBUG=1",
					"$(inherited)",
				);
				GCC_WARN_64_TO_32_BIT_CONVERSION = YES;
				GCC_WARN_ABOUT_RETURN_TYPE = YES_ERROR;
				GCC_WARN_UNDECLARED_SELECTOR = YES;
				GCC_WARN_UNINITIALIZED_AUTOS = YES_AGGRESSIVE;
				GCC_WARN_UNUSED_FUNCTION = YES;
				GCC_WARN_UNUSED_VARIABLE = YES;
				MACOSX_DEPLOYMENT_TARGET = 10.11;
				MTL_ENABLE_DEBUG_INFO = YES;
				ONLY_ACTIVE_ARCH = YES;
				SDKROOT = macosx;
				SWIFT_OPTIMIZATION_LEVEL = "-Onone";
			};
			name = Debug;
		};
		495872871BCDA20F00425757 /* Release */ = {
			isa = XCBuildConfiguration;
			buildSettings = {
				ALWAYS_SEARCH_USER_PATHS = NO;
				CLANG_CXX_LANGUAGE_STANDARD = "gnu++0x";
				CLANG_CXX_LIBRARY = "libc++";
				CLANG_ENABLE_MODULES = YES;
				CLANG_ENABLE_OBJC_ARC = YES;
				CLANG_WARN_BOOL_CONVERSION = YES;
				CLANG_WARN_CONSTANT_CONVERSION = YES;
				CLANG_WARN_DIRECT_OBJC_ISA_USAGE = YES_ERROR;
				CLANG_WARN_EMPTY_BODY = YES;
				CLANG_WARN_ENUM_CONVERSION = YES;
				CLANG_WARN_INT_CONVERSION = YES;
				CLANG_WARN_OBJC_ROOT_CLASS = YES_ERROR;
				CLANG_WARN_UNREACHABLE_CODE = YES;
				CLANG_WARN__DUPLICATE_METHOD_MATCH = YES;
				COPY_PHASE_STRIP = NO;
				DEBUG_INFORMATION_FORMAT = "dwarf-with-dsym";
				ENABLE_NS_ASSERTIONS = NO;
				ENABLE_STRICT_OBJC_MSGSEND = YES;
				GCC_C_LANGUAGE_STANDARD = gnu99;
				GCC_NO_COMMON_BLOCKS = YES;
				GCC_WARN_64_TO_32_BIT_CONVERSION = YES;
				GCC_WARN_ABOUT_RETURN_TYPE = YES_ERROR;
				GCC_WARN_UNDECLARED_SELECTOR = YES;
				GCC_WARN_UNINITIALIZED_AUTOS = YES_AGGRESSIVE;
				GCC_WARN_UNUSED_FUNCTION = YES;
				GCC_WARN_UNUSED_VARIABLE = YES;
				MACOSX_DEPLOYMENT_TARGET = 10.11;
				MTL_ENABLE_DEBUG_INFO = NO;
				SDKROOT = macosx;
			};
			name = Release;
		};
		495872891BCDA20F00425757 /* Debug */ = {
			isa = XCBuildConfiguration;
			buildSettings = {
				PRODUCT_NAME = "$(TARGET_NAME)";
			};
			name = Debug;
		};
		4958728A1BCDA20F00425757 /* Release */ = {
			isa = XCBuildConfiguration;
			buildSettings = {
				PRODUCT_NAME = "$(TARGET_NAME)";
			};
			name = Release;
		};
/* End XCBuildConfiguration section */

/* Begin XCConfigurationList section */
		4958727C1BCDA20F00425757 /* Build configuration list for PBXProject "AdvancedCalculator" */ = {
			isa = XCConfigurationList;
			buildConfigurations = (
				495872861BCDA20F00425757 /* Debug */,
				495872871BCDA20F00425757 /* Release */,
			);
			defaultConfigurationIsVisible = 0;
			defaultConfigurationName = Release;
		};
		495872881BCDA20F00425757 /* Build configuration list for PBXNativeTarget "AdvancedCalculator" */ = {
			isa = XCConfigurationList;
			buildConfigurations = (
				495872891BCDA20F00425757 /* Debug */,
				4958728A1BCDA20F00425757 /* Release */,
			);
			defaultConfigurationIsVisible = 0;
		};
/* End XCConfigurationList section */
	};
	rootObject = 495872791BCDA20F00425757 /* Project object */;
}
