// !$*UTF8*$!
{
	archiveVersion = 1;
	classes = {
	};
	objectVersion = 46;
	objects = {

/* Begin PBXBuildFile section */
		4956E6861BE2FFF3007D178E /* AppDelegate.swift in Sources */ = {isa = PBXBuildFile; fileRef = 4956E6851BE2FFF3007D178E /* AppDelegate.swift */; };
		4956E6881BE2FFF3007D178E /* ViewController.swift in Sources */ = {isa = PBXBuildFile; fileRef = 4956E6871BE2FFF3007D178E /* ViewController.swift */; };
		4956E68B1BE2FFF3007D178E /* Main.storyboard in Resources */ = {isa = PBXBuildFile; fileRef = 4956E6891BE2FFF3007D178E /* Main.storyboard */; };
		4956E68D1BE2FFF3007D178E /* Assets.xcassets in Resources */ = {isa = PBXBuildFile; fileRef = 4956E68C1BE2FFF3007D178E /* Assets.xcassets */; };
		4956E6901BE2FFF3007D178E /* LaunchScreen.storyboard in Resources */ = {isa = PBXBuildFile; fileRef = 4956E68E1BE2FFF3007D178E /* LaunchScreen.storyboard */; };
/* End PBXBuildFile section */

/* Begin PBXFileReference section */
		4956E6821BE2FFF3007D178E /* iOSQuiz.app */ = {isa = PBXFileReference; explicitFileType = wrapper.application; includeInIndex = 0; path = iOSQuiz.app; sourceTree = BUILT_PRODUCTS_DIR; };
		4956E6851BE2FFF3007D178E /* AppDelegate.swift */ = {isa = PBXFileReference; lastKnownFileType = sourcecode.swift; path = AppDelegate.swift; sourceTree = "<group>"; };
		4956E6871BE2FFF3007D178E /* ViewController.swift */ = {isa = PBXFileReference; lastKnownFileType = sourcecode.swift; path = ViewController.swift; sourceTree = "<group>"; };
		4956E68A1BE2FFF3007D178E /* Base */ = {isa = PBXFileReference; lastKnownFileType = file.storyboard; name = Base; path = Base.lproj/Main.storyboard; sourceTree = "<group>"; };
		4956E68C1BE2FFF3007D178E /* Assets.xcassets */ = {isa = PBXFileReference; lastKnownFileType = folder.assetcatalog; path = Assets.xcassets; sourceTree = "<group>"; };
		4956E68F1BE2FFF3007D178E /* Base */ = {isa = PBXFileReference; lastKnownFileType = file.storyboard; name = Base; path = Base.lproj/LaunchScreen.storyboard; sourceTree = "<group>"; };
		4956E6911BE2FFF3007D178E /* Info.plist */ = {isa = PBXFileReference; lastKnownFileType = text.plist.xml; path = Info.plist; sourceTree = "<group>"; };
/* End PBXFileReference section */

/* Begin PBXFrameworksBuildPhase section */
		4956E67F1BE2FFF2007D178E /* Frameworks */ = {
			isa = PBXFrameworksBuildPhase;
			buildActionMask = 2147483647;
			files = (
			);
			runOnlyForDeploymentPostprocessing = 0;
		};
/* End PBXFrameworksBuildPhase section */

/* Begin PBXGroup section */
		4956E6791BE2FFF2007D178E = {
			isa = PBXGroup;
			children = (
				4956E6841BE2FFF3007D178E /* iOSQuiz */,
				4956E6831BE2FFF3007D178E /* Products */,
			);
			sourceTree = "<group>";
		};
		4956E6831BE2FFF3007D178E /* Products */ = {
			isa = PBXGroup;
			children = (
				4956E6821BE2FFF3007D178E /* iOSQuiz.app */,
			);
			name = Products;
			sourceTree = "<group>";
		};
		4956E6841BE2FFF3007D178E /* iOSQuiz */ = {
			isa = PBXGroup;
			children = (
				4956E6851BE2FFF3007D178E /* AppDelegate.swift */,
				4956E6871BE2FFF3007D178E /* ViewController.swift */,
				4956E6891BE2FFF3007D178E /* Main.storyboard */,
				4956E68C1BE2FFF3007D178E /* Assets.xcassets */,
				4956E68E1BE2FFF3007D178E /* LaunchScreen.storyboard */,
				4956E6911BE2FFF3007D178E /* Info.plist */,
			);
			path = iOSQuiz;
			sourceTree = "<group>";
		};
/* End PBXGroup section */

/* Begin PBXNativeTarget section */
		4956E6811BE2FFF2007D178E /* iOSQuiz */ = {
			isa = PBXNativeTarget;
			buildConfigurationList = 4956E6941BE2FFF3007D178E /* Build configuration list for PBXNativeTarget "iOSQuiz" */;
			buildPhases = (
				4956E67E1BE2FFF2007D178E /* Sources */,
				4956E67F1BE2FFF2007D178E /* Frameworks */,
				4956E6801BE2FFF2007D178E /* Resources */,
			);
			buildRules = (
			);
			dependencies = (
			);
			name = iOSQuiz;
			productName = iOSQuiz;
			productReference = 4956E6821BE2FFF3007D178E /* iOSQuiz.app */;
			productType = "com.apple.product-type.application";
		};
/* End PBXNativeTarget section */

/* Begin PBXProject section */
		4956E67A1BE2FFF2007D178E /* Project object */ = {
			isa = PBXProject;
			attributes = {
				LastSwiftUpdateCheck = 0710;
				LastUpgradeCheck = 0710;
				ORGANIZATIONNAME = "Andrew Munsell";
				TargetAttributes = {
					4956E6811BE2FFF2007D178E = {
						CreatedOnToolsVersion = 7.1;
					};
				};
			};
			buildConfigurationList = 4956E67D1BE2FFF2007D178E /* Build configuration list for PBXProject "iOSQuiz" */;
			compatibilityVersion = "Xcode 3.2";
			developmentRegion = English;
			hasScannedForEncodings = 0;
			knownRegions = (
				en,
				Base,
			);
			mainGroup = 4956E6791BE2FFF2007D178E;
			productRefGroup = 4956E6831BE2FFF3007D178E /* Products */;
			projectDirPath = "";
			projectRoot = "";
			targets = (
				4956E6811BE2FFF2007D178E /* iOSQuiz */,
			);
		};
/* End PBXProject section */

/* Begin PBXResourcesBuildPhase section */
		4956E6801BE2FFF2007D178E /* Resources */ = {
			isa = PBXResourcesBuildPhase;
			buildActionMask = 2147483647;
			files = (
				4956E6901BE2FFF3007D178E /* LaunchScreen.storyboard in Resources */,
				4956E68D1BE2FFF3007D178E /* Assets.xcassets in Resources */,
				4956E68B1BE2FFF3007D178E /* Main.storyboard in Resources */,
			);
			runOnlyForDeploymentPostprocessing = 0;
		};
/* End PBXResourcesBuildPhase section */

/* Begin PBXSourcesBuildPhase section */
		4956E67E1BE2FFF2007D178E /* Sources */ = {
			isa = PBXSourcesBuildPhase;
			buildActionMask = 2147483647;
			files = (
				4956E6881BE2FFF3007D178E /* ViewController.swift in Sources */,
				4956E6861BE2FFF3007D178E /* AppDelegate.swift in Sources */,
			);
			runOnlyForDeploymentPostprocessing = 0;
		};
/* End PBXSourcesBuildPhase section */

/* Begin PBXVariantGroup section */
		4956E6891BE2FFF3007D178E /* Main.storyboard */ = {
			isa = PBXVariantGroup;
			children = (
				4956E68A1BE2FFF3007D178E /* Base */,
			);
			name = Main.storyboard;
			sourceTree = "<group>";
		};
		4956E68E1BE2FFF3007D178E /* LaunchScreen.storyboard */ = {
			isa = PBXVariantGroup;
			children = (
				4956E68F1BE2FFF3007D178E /* Base */,
			);
			name = LaunchScreen.storyboard;
			sourceTree = "<group>";
		};
/* End PBXVariantGroup section */

/* Begin XCBuildConfiguration section */
		4956E6921BE2FFF3007D178E /* Debug */ = {
			isa = XCBuildConfiguration;
			buildSettings = {
				ALWAYS_SEARCH_USER_PATHS = NO;
				CLANG_CXX_LANGUAGE_STANDARD = "gnu++0x";
				CLANG_CXX_LIBRARY = "libc++";
				CLANG_ENABLE_MODULES = YES;
				CLANG_ENABLE_OBJC_ARC = YES;
				CLANG_WARN_BOOL_CONVERSION = YES;
				CLANG_WARN_CONSTANT_CONVERSION = YES;
				CLANG_WARN_DIRECT_OBJC_ISA_USAGE = YES_ERROR;
				CLANG_WARN_EMPTY_BODY = YES;
				CLANG_WARN_ENUM_CONVERSION = YES;
				CLANG_WARN_INT_CONVERSION = YES;
				CLANG_WARN_OBJC_ROOT_CLASS = YES_ERROR;
				CLANG_WARN_UNREACHABLE_CODE = YES;
				CLANG_WARN__DUPLICATE_METHOD_MATCH = YES;
				"CODE_SIGN_IDENTITY[sdk=iphoneos*]" = "iPhone Developer";
				COPY_PHASE_STRIP = NO;
				DEBUG_INFORMATION_FORMAT = dwarf;
				ENABLE_STRICT_OBJC_MSGSEND = YES;
				ENABLE_TESTABILITY = YES;
				GCC_C_LANGUAGE_STANDARD = gnu99;
				GCC_DYNAMIC_NO_PIC = NO;
				GCC_NO_COMMON_BLOCKS = YES;
				GCC_OPTIMIZATION_LEVEL = 0;
				GCC_PREPROCESSOR_DEFINITIONS = (
					"DEBUG=1",
					"$(inherited)",
				);
				GCC_WARN_64_TO_32_BIT_CONVERSION = YES;
				GCC_WARN_ABOUT_RETURN_TYPE = YES_ERROR;
				GCC_WARN_UNDECLARED_SELECTOR = YES;
				GCC_WARN_UNINITIALIZED_AUTOS = YES_AGGRESSIVE;
				GCC_WARN_UNUSED_FUNCTION = YES;
				GCC_WARN_UNUSED_VARIABLE = YES;
				IPHONEOS_DEPLOYMENT_TARGET = 9.1;
				MTL_ENABLE_DEBUG_INFO = YES;
				ONLY_ACTIVE_ARCH = YES;
				SDKROOT = iphoneos;
				SWIFT_OPTIMIZATION_LEVEL = "-Onone";
				TARGETED_DEVICE_FAMILY = "1,2";
			};
			name = Debug;
		};
		4956E6931BE2FFF3007D178E /* Release */ = {
			isa = XCBuildConfiguration;
			buildSettings = {
				ALWAYS_SEARCH_USER_PATHS = NO;
				CLANG_CXX_LANGUAGE_STANDARD = "gnu++0x";
				CLANG_CXX_LIBRARY = "libc++";
				CLANG_ENABLE_MODULES = YES;
				CLANG_ENABLE_OBJC_ARC = YES;
				CLANG_WARN_BOOL_CONVERSION = YES;
				CLANG_WARN_CONSTANT_CONVERSION = YES;
				CLANG_WARN_DIRECT_OBJC_ISA_USAGE = YES_ERROR;
				CLANG_WARN_EMPTY_BODY = YES;
				CLANG_WARN_ENUM_CONVERSION = YES;
				CLANG_WARN_INT_CONVERSION = YES;
				CLANG_WARN_OBJC_ROOT_CLASS = YES_ERROR;
				CLANG_WARN_UNREACHABLE_CODE = YES;
				CLANG_WARN__DUPLICATE_METHOD_MATCH = YES;
				"CODE_SIGN_IDENTITY[sdk=iphoneos*]" = "iPhone Developer";
				COPY_PHASE_STRIP = NO;
				DEBUG_INFORMATION_FORMAT = "dwarf-with-dsym";
				ENABLE_NS_ASSERTIONS = NO;
				ENABLE_STRICT_OBJC_MSGSEND = YES;
				GCC_C_LANGUAGE_STANDARD = gnu99;
				GCC_NO_COMMON_BLOCKS = YES;
				GCC_WARN_64_TO_32_BIT_CONVERSION = YES;
				GCC_WARN_ABOUT_RETURN_TYPE = YES_ERROR;
				GCC_WARN_UNDECLARED_SELECTOR = YES;
				GCC_WARN_UNINITIALIZED_AUTOS = YES_AGGRESSIVE;
				GCC_WARN_UNUSED_FUNCTION = YES;
				GCC_WARN_UNUSED_VARIABLE = YES;
				IPHONEOS_DEPLOYMENT_TARGET = 9.1;
				MTL_ENABLE_DEBUG_INFO = NO;
				SDKROOT = iphoneos;
				TARGETED_DEVICE_FAMILY = "1,2";
				VALIDATE_PRODUCT = YES;
			};
			name = Release;
		};
		4956E6951BE2FFF3007D178E /* Debug */ = {
			isa = XCBuildConfiguration;
			buildSettings = {
				ASSETCATALOG_COMPILER_APPICON_NAME = AppIcon;
				INFOPLIST_FILE = iOSQuiz/Info.plist;
				LD_RUNPATH_SEARCH_PATHS = "$(inherited) @executable_path/Frameworks";
				PRODUCT_BUNDLE_IDENTIFIER = edu.uw.amunsell.iOSQuiz;
				PRODUCT_NAME = "$(TARGET_NAME)";
			};
			name = Debug;
		};
		4956E6961BE2FFF3007D178E /* Release */ = {
			isa = XCBuildConfiguration;
			buildSettings = {
				ASSETCATALOG_COMPILER_APPICON_NAME = AppIcon;
				INFOPLIST_FILE = iOSQuiz/Info.plist;
				LD_RUNPATH_SEARCH_PATHS = "$(inherited) @executable_path/Frameworks";
				PRODUCT_BUNDLE_IDENTIFIER = edu.uw.amunsell.iOSQuiz;
				PRODUCT_NAME = "$(TARGET_NAME)";
			};
			name = Release;
		};
/* End XCBuildConfiguration section */

/* Begin XCConfigurationList section */
		4956E67D1BE2FFF2007D178E /* Build configuration list for PBXProject "iOSQuiz" */ = {
			isa = XCConfigurationList;
			buildConfigurations = (
				4956E6921BE2FFF3007D178E /* Debug */,
				4956E6931BE2FFF3007D178E /* Release */,
			);
			defaultConfigurationIsVisible = 0;
			defaultConfigurationName = Release;
		};
		4956E6941BE2FFF3007D178E /* Build configuration list for PBXNativeTarget "iOSQuiz" */ = {
			isa = XCConfigurationList;
			buildConfigurations = (
				4956E6951BE2FFF3007D178E /* Debug */,
				4956E6961BE2FFF3007D178E /* Release */,
			);
			defaultConfigurationIsVisible = 0;
		};
/* End XCConfigurationList section */
	};
	rootObject = 4956E67A1BE2FFF2007D178E /* Project object */;
}
